
Microsoft Visual Studio Solution File, Format Version 12.00
# Visual Studio 15
VisualStudioVersion = 15.0.28010.2016
MinimumVisualStudioVersion = 10.0.40219.1
Project("{FAE04EC0-301F-11D3-BF4B-00C04F79EFBC}") = "Solar System", "Solar System\Solar System.csproj", "{89374831-0B5A-416F-9526-E9D31B9D793C}"
EndProject
Global
	GlobalSection(SolutionConfigurationPlatforms) = preSolution
		Debug|Any CPU = Debug|Any CPU
		Release|Any CPU = Release|Any CPU
	EndGlobalSection
	GlobalSection(ProjectConfigurationPlatforms) = postSolution
		{89374831-0B5A-416F-9526-E9D31B9D793C}.Debug|Any CPU.ActiveCfg = Debug|Any CPU
		{89374831-0B5A-416F-9526-E9D31B9D793C}.Debug|Any CPU.Build.0 = Debug|Any CPU
		{89374831-0B5A-416F-9526-E9D31B9D793C}.Release|Any CPU.ActiveCfg = Release|Any CPU
		{89374831-0B5A-416F-9526-E9D31B9D793C}.Release|Any CPU.Build.0 = Release|Any CPU
	EndGlobalSection
	GlobalSection(SolutionProperties) = preSolution
		HideSolutionNode = FALSE
	EndGlobalSection
	GlobalSection(ExtensibilityGlobals) = postSolution
		SolutionGuid = {7FC845E5-162B-43FE-A3EF-4A6C60527D67}
	EndGlobalSection
EndGlobal
